# THIS IS AN AUTOGENERATED FILE. DO NOT EDIT THIS FILE DIRECTLY.
# yarn lockfile v1


"@react-native-async-storage/async-storage@1.15.5":
  version "1.15.5"
  resolved "https://registry.yarnpkg.com/@react-native-async-storage/async-storage/-/async-storage-1.15.5.tgz#0d221a5ef1cd7a6494a42fcaad43136d68379afb"
  integrity sha512-4AYehLH39B9a8UXCMf3ieOK+G61wGMP72ikx6/XSMA0DUnvx0PgaeaT2Wyt06kTrDTy8edewKnbrbeqwaM50TQ==
  dependencies:
    deep-assign "^3.0.0"

"@types/uuid@8.3.1":
  version "8.3.1"
  resolved "https://registry.yarnpkg.com/@types/uuid/-/uuid-8.3.1.tgz#1a32969cf8f0364b3d8c8af9cc3555b7805df14f"
  integrity sha512-Y2mHTRAbqfFkpjldbkHGY8JIzRN6XqYRliG8/24FcHm2D2PwW24fl5xMRTVGdrb7iMrwCaIEbLWerGIkXuFWVg==

deep-assign@^3.0.0:
  version "3.0.0"
  resolved "https://registry.yarnpkg.com/deep-assign/-/deep-assign-3.0.0.tgz#c8e4c4d401cba25550a2f0f486a2e75bc5f219a2"
  integrity sha512-YX2i9XjJ7h5q/aQ/IM9PEwEnDqETAIYbggmdDB3HLTlSgo1CxPsj6pvhPG68rq6SVE0+p+6Ywsm5fTYNrYtBWw==
  dependencies:
    is-obj "^1.0.0"

is-obj@^1.0.0:
  version "1.0.1"
  resolved "https://registry.yarnpkg.com/is-obj/-/is-obj-1.0.1.tgz#3e4729ac1f5fde025cd7d83a896dab9f4f67db0f"
  integrity sha1-PkcprB9f3gJc19g6iW2rn09n2w8=

typescript@4.3.5:
  version "4.3.5"
  resolved "https://registry.yarnpkg.com/typescript/-/typescript-4.3.5.tgz#4d1c37cc16e893973c45a06886b7113234f119f4"
  integrity sha512-DqQgihaQ9cUrskJo9kIyW/+g0Vxsk8cDtZ52a3NGh0YNTfpUSArXSohyUGnvbPazEPLu398C0UxmKSOrPumUzA==

uuid@8.3.2:
  version "8.3.2"
  resolved "https://registry.yarnpkg.com/uuid/-/uuid-8.3.2.tgz#80d5b5ced271bb9af6c445f21a1a04c606cefbe2"
  integrity sha512-+NYs2QeMWy+GWFOEm9xnn6HCDp0l7QBD7ml8zLUmJ+93Q5NF0NocErnwkTkXVFNiX3/fpC6afS8Dhb/gz7R7eg==
